// !$*UTF8*$!
{
	archiveVersion = 1;
	classes = {
	};
	objectVersion = 55;
	objects = {

/* Begin PBXBuildFile section */
		185CE5D12A171E24004CFDF0 /* LocationViewModel.swift in Sources */ = {isa = PBXBuildFile; fileRef = 185CE5D02A171E24004CFDF0 /* LocationViewModel.swift */; };
		185CE5D32A171E7A004CFDF0 /* StartTrackingBtnView.swift in Sources */ = {isa = PBXBuildFile; fileRef = 185CE5D22A171E7A004CFDF0 /* StartTrackingBtnView.swift */; };
		185CE5D72A1730C9004CFDF0 /* NetworkManager.swift in Sources */ = {isa = PBXBuildFile; fileRef = 185CE5D62A1730C9004CFDF0 /* NetworkManager.swift */; };
		185CE5D92A173C5A004CFDF0 /* BusReservationViewModel.swift in Sources */ = {isa = PBXBuildFile; fileRef = 185CE5D82A173C5A004CFDF0 /* BusReservationViewModel.swift */; };
		616626A04E2995E7217CF75D /* Pods_BjitExpressTests.framework in Frameworks */ = {isa = PBXBuildFile; fileRef = DBEA6B8B5C815E4F767BD341 /* Pods_BjitExpressTests.framework */; };
		69C31DD82DBB647E783B663B /* Pods_BjitExpress_BjitExpressUITests.framework in Frameworks */ = {isa = PBXBuildFile; fileRef = 84A45CA089B9C3037F79D891 /* Pods_BjitExpress_BjitExpressUITests.framework */; };
		8989C2B72A1B132C0018C799 /* Utils.swift in Sources */ = {isa = PBXBuildFile; fileRef = 8989C2B62A1B132C0018C799 /* Utils.swift */; };
		8989C2B92A1B13610018C799 /* EngineerListView.swift in Sources */ = {isa = PBXBuildFile; fileRef = 8989C2B82A1B13610018C799 /* EngineerListView.swift */; };
		8989C2BB2A1B1A540018C799 /* LoginScreen.swift in Sources */ = {isa = PBXBuildFile; fileRef = 8989C2BA2A1B1A540018C799 /* LoginScreen.swift */; };
		8989C2BF2A1B1A610018C799 /* CDEmployee+CoreDataClass.swift in Sources */ = {isa = PBXBuildFile; fileRef = 8989C2BC2A1B1A610018C799 /* CDEmployee+CoreDataClass.swift */; };
		8989C2C02A1B1A610018C799 /* Employee.swift in Sources */ = {isa = PBXBuildFile; fileRef = 8989C2BD2A1B1A610018C799 /* Employee.swift */; };
		8989C2C12A1B1A610018C799 /* CDEmployee+CoreDataProperties.swift in Sources */ = {isa = PBXBuildFile; fileRef = 8989C2BE2A1B1A610018C799 /* CDEmployee+CoreDataProperties.swift */; };
		8989C2C32A1B1A6E0018C799 /* LoginViewModel.swift in Sources */ = {isa = PBXBuildFile; fileRef = 8989C2C22A1B1A6E0018C799 /* LoginViewModel.swift */; };
		89AE40232A15FD5F00A6C3F0 /* BusViewModel.swift in Sources */ = {isa = PBXBuildFile; fileRef = 89AE40222A15FD5F00A6C3F0 /* BusViewModel.swift */; };
		89AE402A2A16167B00A6C3F0 /* BusListView.swift in Sources */ = {isa = PBXBuildFile; fileRef = 89AE40262A16167B00A6C3F0 /* BusListView.swift */; };
		89AE402B2A16167B00A6C3F0 /* HomeView.swift in Sources */ = {isa = PBXBuildFile; fileRef = 89AE40272A16167B00A6C3F0 /* HomeView.swift */; };
		89AE402C2A16167B00A6C3F0 /* BusView.swift in Sources */ = {isa = PBXBuildFile; fileRef = 89AE40282A16167B00A6C3F0 /* BusView.swift */; };
		89AE40312A162D2600A6C3F0 /* BusList.json in Resources */ = {isa = PBXBuildFile; fileRef = 89AE40302A162D2600A6C3F0 /* BusList.json */; };
		89AE40332A162F1A00A6C3F0 /* BusModel.swift in Sources */ = {isa = PBXBuildFile; fileRef = 89AE40322A162F1A00A6C3F0 /* BusModel.swift */; };
		89AE40382A163A2E00A6C3F0 /* MainView.swift in Sources */ = {isa = PBXBuildFile; fileRef = 89AE40372A163A2E00A6C3F0 /* MainView.swift */; };
		89B23FA92A1487F800AD7BB0 /* CloudKitViewModel.swift in Sources */ = {isa = PBXBuildFile; fileRef = 89B23FA72A1487F800AD7BB0 /* CloudKitViewModel.swift */; };
		89B23FAA2A1487F800AD7BB0 /* CoreDataViewModel.swift in Sources */ = {isa = PBXBuildFile; fileRef = 89B23FA82A1487F800AD7BB0 /* CoreDataViewModel.swift */; };
		89B23FAD2A14886200AD7BB0 /* Constant.swift in Sources */ = {isa = PBXBuildFile; fileRef = 89B23FAC2A14886200AD7BB0 /* Constant.swift */; };
		89BBE1992A15CD800081B7DC /* BusAllocationModel.swift in Sources */ = {isa = PBXBuildFile; fileRef = 89BBE1982A15CD800081B7DC /* BusAllocationModel.swift */; };
		89C843862A120047005AABDF /* BjitExpressApp.swift in Sources */ = {isa = PBXBuildFile; fileRef = 89C843852A120047005AABDF /* BjitExpressApp.swift */; };
		89C843882A120047005AABDF /* ContentView.swift in Sources */ = {isa = PBXBuildFile; fileRef = 89C843872A120047005AABDF /* ContentView.swift */; };
		89C8438A2A120048005AABDF /* Assets.xcassets in Resources */ = {isa = PBXBuildFile; fileRef = 89C843892A120048005AABDF /* Assets.xcassets */; };
		89C8438D2A120048005AABDF /* Preview Assets.xcassets in Resources */ = {isa = PBXBuildFile; fileRef = 89C8438C2A120048005AABDF /* Preview Assets.xcassets */; };
		89C843922A120048005AABDF /* BjitExpress.xcdatamodeld in Sources */ = {isa = PBXBuildFile; fileRef = 89C843902A120048005AABDF /* BjitExpress.xcdatamodeld */; };
		89C8439C2A120048005AABDF /* BjitExpressTests.swift in Sources */ = {isa = PBXBuildFile; fileRef = 89C8439B2A120048005AABDF /* BjitExpressTests.swift */; };
		89C843A62A120048005AABDF /* BjitExpressUITests.swift in Sources */ = {isa = PBXBuildFile; fileRef = 89C843A52A120048005AABDF /* BjitExpressUITests.swift */; };
		89C843A82A120048005AABDF /* BjitExpressUITestsLaunchTests.swift in Sources */ = {isa = PBXBuildFile; fileRef = 89C843A72A120048005AABDF /* BjitExpressUITestsLaunchTests.swift */; };
		B4C59F5B8E0B669891EE700C /* Pods_BjitExpress.framework in Frameworks */ = {isa = PBXBuildFile; fileRef = 6A406E34BB3AE80968035035 /* Pods_BjitExpress.framework */; };
/* End PBXBuildFile section */

/* Begin PBXContainerItemProxy section */
		89C843982A120048005AABDF /* PBXContainerItemProxy */ = {
			isa = PBXContainerItemProxy;
			containerPortal = 89C8437A2A120047005AABDF /* Project object */;
			proxyType = 1;
			remoteGlobalIDString = 89C843812A120047005AABDF;
			remoteInfo = BjitExpress;
		};
		89C843A22A120048005AABDF /* PBXContainerItemProxy */ = {
			isa = PBXContainerItemProxy;
			containerPortal = 89C8437A2A120047005AABDF /* Project object */;
			proxyType = 1;
			remoteGlobalIDString = 89C843812A120047005AABDF;
			remoteInfo = BjitExpress;
		};
/* End PBXContainerItemProxy section */

/* Begin PBXFileReference section */
		185CE5D02A171E24004CFDF0 /* LocationViewModel.swift */ = {isa = PBXFileReference; lastKnownFileType = sourcecode.swift; path = LocationViewModel.swift; sourceTree = "<group>"; };
		185CE5D22A171E7A004CFDF0 /* StartTrackingBtnView.swift */ = {isa = PBXFileReference; lastKnownFileType = sourcecode.swift; path = StartTrackingBtnView.swift; sourceTree = "<group>"; };
		185CE5D42A171F19004CFDF0 /* Info.plist */ = {isa = PBXFileReference; lastKnownFileType = text.plist; path = Info.plist; sourceTree = "<group>"; };
		185CE5D62A1730C9004CFDF0 /* NetworkManager.swift */ = {isa = PBXFileReference; lastKnownFileType = sourcecode.swift; path = NetworkManager.swift; sourceTree = "<group>"; };
		185CE5D82A173C5A004CFDF0 /* BusReservationViewModel.swift */ = {isa = PBXFileReference; lastKnownFileType = sourcecode.swift; path = BusReservationViewModel.swift; sourceTree = "<group>"; };
		5D800DD90E6F511D5911D6A2 /* Pods-BjitExpress.debug.xcconfig */ = {isa = PBXFileReference; includeInIndex = 1; lastKnownFileType = text.xcconfig; name = "Pods-BjitExpress.debug.xcconfig"; path = "Target Support Files/Pods-BjitExpress/Pods-BjitExpress.debug.xcconfig"; sourceTree = "<group>"; };
		6A406E34BB3AE80968035035 /* Pods_BjitExpress.framework */ = {isa = PBXFileReference; explicitFileType = wrapper.framework; includeInIndex = 0; path = Pods_BjitExpress.framework; sourceTree = BUILT_PRODUCTS_DIR; };
		6FC20910D90338491BF551CF /* Pods-BjitExpress-BjitExpressUITests.debug.xcconfig */ = {isa = PBXFileReference; includeInIndex = 1; lastKnownFileType = text.xcconfig; name = "Pods-BjitExpress-BjitExpressUITests.debug.xcconfig"; path = "Target Support Files/Pods-BjitExpress-BjitExpressUITests/Pods-BjitExpress-BjitExpressUITests.debug.xcconfig"; sourceTree = "<group>"; };
		7FDD3885973E186867F6D43E /* Pods-BjitExpressTests.debug.xcconfig */ = {isa = PBXFileReference; includeInIndex = 1; lastKnownFileType = text.xcconfig; name = "Pods-BjitExpressTests.debug.xcconfig"; path = "Target Support Files/Pods-BjitExpressTests/Pods-BjitExpressTests.debug.xcconfig"; sourceTree = "<group>"; };
		84A45CA089B9C3037F79D891 /* Pods_BjitExpress_BjitExpressUITests.framework */ = {isa = PBXFileReference; explicitFileType = wrapper.framework; includeInIndex = 0; path = Pods_BjitExpress_BjitExpressUITests.framework; sourceTree = BUILT_PRODUCTS_DIR; };
		8989C2B62A1B132C0018C799 /* Utils.swift */ = {isa = PBXFileReference; lastKnownFileType = sourcecode.swift; path = Utils.swift; sourceTree = "<group>"; };
		8989C2B82A1B13610018C799 /* EngineerListView.swift */ = {isa = PBXFileReference; lastKnownFileType = sourcecode.swift; path = EngineerListView.swift; sourceTree = "<group>"; };
		8989C2BA2A1B1A540018C799 /* LoginScreen.swift */ = {isa = PBXFileReference; fileEncoding = 4; lastKnownFileType = sourcecode.swift; path = LoginScreen.swift; sourceTree = "<group>"; };
		8989C2BC2A1B1A610018C799 /* CDEmployee+CoreDataClass.swift */ = {isa = PBXFileReference; fileEncoding = 4; lastKnownFileType = sourcecode.swift; path = "CDEmployee+CoreDataClass.swift"; sourceTree = "<group>"; };
		8989C2BD2A1B1A610018C799 /* Employee.swift */ = {isa = PBXFileReference; fileEncoding = 4; lastKnownFileType = sourcecode.swift; path = Employee.swift; sourceTree = "<group>"; };
		8989C2BE2A1B1A610018C799 /* CDEmployee+CoreDataProperties.swift */ = {isa = PBXFileReference; fileEncoding = 4; lastKnownFileType = sourcecode.swift; path = "CDEmployee+CoreDataProperties.swift"; sourceTree = "<group>"; };
		8989C2C22A1B1A6E0018C799 /* LoginViewModel.swift */ = {isa = PBXFileReference; fileEncoding = 4; lastKnownFileType = sourcecode.swift; path = LoginViewModel.swift; sourceTree = "<group>"; };
		89AE40222A15FD5F00A6C3F0 /* BusViewModel.swift */ = {isa = PBXFileReference; lastKnownFileType = sourcecode.swift; path = BusViewModel.swift; sourceTree = "<group>"; };
		89AE40262A16167B00A6C3F0 /* BusListView.swift */ = {isa = PBXFileReference; fileEncoding = 4; lastKnownFileType = sourcecode.swift; path = BusListView.swift; sourceTree = "<group>"; };
		89AE40272A16167B00A6C3F0 /* HomeView.swift */ = {isa = PBXFileReference; fileEncoding = 4; lastKnownFileType = sourcecode.swift; path = HomeView.swift; sourceTree = "<group>"; };
		89AE40282A16167B00A6C3F0 /* BusView.swift */ = {isa = PBXFileReference; fileEncoding = 4; lastKnownFileType = sourcecode.swift; path = BusView.swift; sourceTree = "<group>"; };
		89AE40302A162D2600A6C3F0 /* BusList.json */ = {isa = PBXFileReference; fileEncoding = 4; lastKnownFileType = text.json; path = BusList.json; sourceTree = "<group>"; };
		89AE40322A162F1A00A6C3F0 /* BusModel.swift */ = {isa = PBXFileReference; lastKnownFileType = sourcecode.swift; path = BusModel.swift; sourceTree = "<group>"; };
		89AE40372A163A2E00A6C3F0 /* MainView.swift */ = {isa = PBXFileReference; fileEncoding = 4; lastKnownFileType = sourcecode.swift; path = MainView.swift; sourceTree = "<group>"; };
		89B23FA72A1487F800AD7BB0 /* CloudKitViewModel.swift */ = {isa = PBXFileReference; fileEncoding = 4; lastKnownFileType = sourcecode.swift; path = CloudKitViewModel.swift; sourceTree = "<group>"; };
		89B23FA82A1487F800AD7BB0 /* CoreDataViewModel.swift */ = {isa = PBXFileReference; fileEncoding = 4; lastKnownFileType = sourcecode.swift; path = CoreDataViewModel.swift; sourceTree = "<group>"; };
		89B23FAC2A14886200AD7BB0 /* Constant.swift */ = {isa = PBXFileReference; lastKnownFileType = sourcecode.swift; path = Constant.swift; sourceTree = "<group>"; };
		89BBE1982A15CD800081B7DC /* BusAllocationModel.swift */ = {isa = PBXFileReference; lastKnownFileType = sourcecode.swift; path = BusAllocationModel.swift; sourceTree = "<group>"; };
		89C843822A120047005AABDF /* BjitExpress.app */ = {isa = PBXFileReference; explicitFileType = wrapper.application; includeInIndex = 0; path = BjitExpress.app; sourceTree = BUILT_PRODUCTS_DIR; };
		89C843852A120047005AABDF /* BjitExpressApp.swift */ = {isa = PBXFileReference; lastKnownFileType = sourcecode.swift; path = BjitExpressApp.swift; sourceTree = "<group>"; };
		89C843872A120047005AABDF /* ContentView.swift */ = {isa = PBXFileReference; lastKnownFileType = sourcecode.swift; path = ContentView.swift; sourceTree = "<group>"; };
		89C843892A120048005AABDF /* Assets.xcassets */ = {isa = PBXFileReference; lastKnownFileType = folder.assetcatalog; path = Assets.xcassets; sourceTree = "<group>"; };
		89C8438C2A120048005AABDF /* Preview Assets.xcassets */ = {isa = PBXFileReference; lastKnownFileType = folder.assetcatalog; path = "Preview Assets.xcassets"; sourceTree = "<group>"; };
		89C843912A120048005AABDF /* BjitExpress.xcdatamodel */ = {isa = PBXFileReference; lastKnownFileType = wrapper.xcdatamodel; path = BjitExpress.xcdatamodel; sourceTree = "<group>"; };
		89C843972A120048005AABDF /* BjitExpressTests.xctest */ = {isa = PBXFileReference; explicitFileType = wrapper.cfbundle; includeInIndex = 0; path = BjitExpressTests.xctest; sourceTree = BUILT_PRODUCTS_DIR; };
		89C8439B2A120048005AABDF /* BjitExpressTests.swift */ = {isa = PBXFileReference; lastKnownFileType = sourcecode.swift; path = BjitExpressTests.swift; sourceTree = "<group>"; };
		89C843A12A120048005AABDF /* BjitExpressUITests.xctest */ = {isa = PBXFileReference; explicitFileType = wrapper.cfbundle; includeInIndex = 0; path = BjitExpressUITests.xctest; sourceTree = BUILT_PRODUCTS_DIR; };
		89C843A52A120048005AABDF /* BjitExpressUITests.swift */ = {isa = PBXFileReference; lastKnownFileType = sourcecode.swift; path = BjitExpressUITests.swift; sourceTree = "<group>"; };
		89C843A72A120048005AABDF /* BjitExpressUITestsLaunchTests.swift */ = {isa = PBXFileReference; lastKnownFileType = sourcecode.swift; path = BjitExpressUITestsLaunchTests.swift; sourceTree = "<group>"; };
		89C843B42A1200E8005AABDF /* BjitExpress.entitlements */ = {isa = PBXFileReference; lastKnownFileType = text.plist.entitlements; path = BjitExpress.entitlements; sourceTree = "<group>"; };
		9B4812928AD2F1C6F7964CAB /* Pods-BjitExpress-BjitExpressUITests.release.xcconfig */ = {isa = PBXFileReference; includeInIndex = 1; lastKnownFileType = text.xcconfig; name = "Pods-BjitExpress-BjitExpressUITests.release.xcconfig"; path = "Target Support Files/Pods-BjitExpress-BjitExpressUITests/Pods-BjitExpress-BjitExpressUITests.release.xcconfig"; sourceTree = "<group>"; };
		A23F4F67442A935E6E6059B1 /* Pods-BjitExpress.release.xcconfig */ = {isa = PBXFileReference; includeInIndex = 1; lastKnownFileType = text.xcconfig; name = "Pods-BjitExpress.release.xcconfig"; path = "Target Support Files/Pods-BjitExpress/Pods-BjitExpress.release.xcconfig"; sourceTree = "<group>"; };
		CD5CA41D9AB32B19230B0A13 /* Pods-BjitExpressTests.release.xcconfig */ = {isa = PBXFileReference; includeInIndex = 1; lastKnownFileType = text.xcconfig; name = "Pods-BjitExpressTests.release.xcconfig"; path = "Target Support Files/Pods-BjitExpressTests/Pods-BjitExpressTests.release.xcconfig"; sourceTree = "<group>"; };
		DBEA6B8B5C815E4F767BD341 /* Pods_BjitExpressTests.framework */ = {isa = PBXFileReference; explicitFileType = wrapper.framework; includeInIndex = 0; path = Pods_BjitExpressTests.framework; sourceTree = BUILT_PRODUCTS_DIR; };
/* End PBXFileReference section */

/* Begin PBXFrameworksBuildPhase section */
		89C8437F2A120047005AABDF /* Frameworks */ = {
			isa = PBXFrameworksBuildPhase;
			buildActionMask = 2147483647;
			files = (
				B4C59F5B8E0B669891EE700C /* Pods_BjitExpress.framework in Frameworks */,
			);
			runOnlyForDeploymentPostprocessing = 0;
		};
		89C843942A120048005AABDF /* Frameworks */ = {
			isa = PBXFrameworksBuildPhase;
			buildActionMask = 2147483647;
			files = (
				616626A04E2995E7217CF75D /* Pods_BjitExpressTests.framework in Frameworks */,
			);
			runOnlyForDeploymentPostprocessing = 0;
		};
		89C8439E2A120048005AABDF /* Frameworks */ = {
			isa = PBXFrameworksBuildPhase;
			buildActionMask = 2147483647;
			files = (
				69C31DD82DBB647E783B663B /* Pods_BjitExpress_BjitExpressUITests.framework in Frameworks */,
			);
			runOnlyForDeploymentPostprocessing = 0;
		};
/* End PBXFrameworksBuildPhase section */

/* Begin PBXGroup section */
		076B9E03AC0E08661AA81590 /* Frameworks */ = {
			isa = PBXGroup;
			children = (
				6A406E34BB3AE80968035035 /* Pods_BjitExpress.framework */,
				84A45CA089B9C3037F79D891 /* Pods_BjitExpress_BjitExpressUITests.framework */,
				DBEA6B8B5C815E4F767BD341 /* Pods_BjitExpressTests.framework */,
			);
			name = Frameworks;
			sourceTree = "<group>";
		};
		185CE5D52A17308F004CFDF0 /* Networking */ = {
			isa = PBXGroup;
			children = (
				185CE5D62A1730C9004CFDF0 /* NetworkManager.swift */,
			);
			path = Networking;
			sourceTree = "<group>";
		};
		89AE40252A16167B00A6C3F0 /* Views */ = {
			isa = PBXGroup;
			children = (
				8989C2BA2A1B1A540018C799 /* LoginScreen.swift */,
				89AE40262A16167B00A6C3F0 /* BusListView.swift */,
				89AE40272A16167B00A6C3F0 /* HomeView.swift */,
				89AE40282A16167B00A6C3F0 /* BusView.swift */,
				185CE5D22A171E7A004CFDF0 /* StartTrackingBtnView.swift */,
				8989C2B82A1B13610018C799 /* EngineerListView.swift */,
			);
			path = Views;
			sourceTree = "<group>";
		};
		89AE40362A163A2E00A6C3F0 /* Screens */ = {
			isa = PBXGroup;
			children = (
				89AE40372A163A2E00A6C3F0 /* MainView.swift */,
			);
			path = Screens;
			sourceTree = "<group>";
		};
		89B23FA42A14879900AD7BB0 /* ViewModels */ = {
			isa = PBXGroup;
			children = (
				8989C2C22A1B1A6E0018C799 /* LoginViewModel.swift */,
				89B23FA72A1487F800AD7BB0 /* CloudKitViewModel.swift */,
				89B23FA82A1487F800AD7BB0 /* CoreDataViewModel.swift */,
				89AE40222A15FD5F00A6C3F0 /* BusViewModel.swift */,
				185CE5D02A171E24004CFDF0 /* LocationViewModel.swift */,
				185CE5D82A173C5A004CFDF0 /* BusReservationViewModel.swift */,
			);
			path = ViewModels;
			sourceTree = "<group>";
		};
		89B23FAB2A14884D00AD7BB0 /* Utils */ = {
			isa = PBXGroup;
			children = (
				89B23FAC2A14886200AD7BB0 /* Constant.swift */,
				8989C2B62A1B132C0018C799 /* Utils.swift */,
			);
			path = Utils;
			sourceTree = "<group>";
		};
		89BBE1972A15CD440081B7DC /* Models */ = {
			isa = PBXGroup;
			children = (
				8989C2BC2A1B1A610018C799 /* CDEmployee+CoreDataClass.swift */,
				8989C2BE2A1B1A610018C799 /* CDEmployee+CoreDataProperties.swift */,
				8989C2BD2A1B1A610018C799 /* Employee.swift */,
				89BBE1982A15CD800081B7DC /* BusAllocationModel.swift */,
				89AE40322A162F1A00A6C3F0 /* BusModel.swift */,
			);
			path = Models;
			sourceTree = "<group>";
		};
		89C843792A120047005AABDF = {
			isa = PBXGroup;
			children = (
				89C843842A120047005AABDF /* BjitExpress */,
				89C8439A2A120048005AABDF /* BjitExpressTests */,
				89C843A42A120048005AABDF /* BjitExpressUITests */,
				89C843832A120047005AABDF /* Products */,
				BB782CD6C96CDB3F45BDE815 /* Pods */,
				076B9E03AC0E08661AA81590 /* Frameworks */,
			);
			sourceTree = "<group>";
		};
		89C843832A120047005AABDF /* Products */ = {
			isa = PBXGroup;
			children = (
				89C843822A120047005AABDF /* BjitExpress.app */,
				89C843972A120048005AABDF /* BjitExpressTests.xctest */,
				89C843A12A120048005AABDF /* BjitExpressUITests.xctest */,
			);
			name = Products;
			sourceTree = "<group>";
		};
		89C843842A120047005AABDF /* BjitExpress */ = {
			isa = PBXGroup;
			children = (
				185CE5D52A17308F004CFDF0 /* Networking */,
				185CE5D42A171F19004CFDF0 /* Info.plist */,
				89AE40362A163A2E00A6C3F0 /* Screens */,
				89AE40302A162D2600A6C3F0 /* BusList.json */,
				89AE40252A16167B00A6C3F0 /* Views */,
				89BBE1972A15CD440081B7DC /* Models */,
				89B23FAB2A14884D00AD7BB0 /* Utils */,
				89B23FA42A14879900AD7BB0 /* ViewModels */,
				89C843B42A1200E8005AABDF /* BjitExpress.entitlements */,
				89C843852A120047005AABDF /* BjitExpressApp.swift */,
				89C843872A120047005AABDF /* ContentView.swift */,
				89C843892A120048005AABDF /* Assets.xcassets */,
				89C843902A120048005AABDF /* BjitExpress.xcdatamodeld */,
				89C8438B2A120048005AABDF /* Preview Content */,
			);
			path = BjitExpress;
			sourceTree = "<group>";
		};
		89C8438B2A120048005AABDF /* Preview Content */ = {
			isa = PBXGroup;
			children = (
				89C8438C2A120048005AABDF /* Preview Assets.xcassets */,
			);
			path = "Preview Content";
			sourceTree = "<group>";
		};
		89C8439A2A120048005AABDF /* BjitExpressTests */ = {
			isa = PBXGroup;
			children = (
				89C8439B2A120048005AABDF /* BjitExpressTests.swift */,
			);
			path = BjitExpressTests;
			sourceTree = "<group>";
		};
		89C843A42A120048005AABDF /* BjitExpressUITests */ = {
			isa = PBXGroup;
			children = (
				89C843A52A120048005AABDF /* BjitExpressUITests.swift */,
				89C843A72A120048005AABDF /* BjitExpressUITestsLaunchTests.swift */,
			);
			path = BjitExpressUITests;
			sourceTree = "<group>";
		};
		BB782CD6C96CDB3F45BDE815 /* Pods */ = {
			isa = PBXGroup;
			children = (
				5D800DD90E6F511D5911D6A2 /* Pods-BjitExpress.debug.xcconfig */,
				A23F4F67442A935E6E6059B1 /* Pods-BjitExpress.release.xcconfig */,
				6FC20910D90338491BF551CF /* Pods-BjitExpress-BjitExpressUITests.debug.xcconfig */,
				9B4812928AD2F1C6F7964CAB /* Pods-BjitExpress-BjitExpressUITests.release.xcconfig */,
				7FDD3885973E186867F6D43E /* Pods-BjitExpressTests.debug.xcconfig */,
				CD5CA41D9AB32B19230B0A13 /* Pods-BjitExpressTests.release.xcconfig */,
			);
			path = Pods;
			sourceTree = "<group>";
		};
/* End PBXGroup section */

/* Begin PBXNativeTarget section */
		89C843812A120047005AABDF /* BjitExpress */ = {
			isa = PBXNativeTarget;
			buildConfigurationList = 89C843AB2A120048005AABDF /* Build configuration list for PBXNativeTarget "BjitExpress" */;
			buildPhases = (
				7D1C23A69D7F26AB780AA954 /* [CP] Check Pods Manifest.lock */,
				89C8437E2A120047005AABDF /* Sources */,
				89C8437F2A120047005AABDF /* Frameworks */,
				89C843802A120047005AABDF /* Resources */,
				C3D0CF11D6AA62832AC636AC /* [CP] Copy Pods Resources */,
			);
			buildRules = (
			);
			dependencies = (
			);
			name = BjitExpress;
			productName = BjitExpress;
			productReference = 89C843822A120047005AABDF /* BjitExpress.app */;
			productType = "com.apple.product-type.application";
		};
		89C843962A120048005AABDF /* BjitExpressTests */ = {
			isa = PBXNativeTarget;
			buildConfigurationList = 89C843AE2A120048005AABDF /* Build configuration list for PBXNativeTarget "BjitExpressTests" */;
			buildPhases = (
				1953C9DC02ACC9C560384AAA /* [CP] Check Pods Manifest.lock */,
				89C843932A120048005AABDF /* Sources */,
				89C843942A120048005AABDF /* Frameworks */,
				89C843952A120048005AABDF /* Resources */,
			);
			buildRules = (
			);
			dependencies = (
				89C843992A120048005AABDF /* PBXTargetDependency */,
			);
			name = BjitExpressTests;
			productName = BjitExpressTests;
			productReference = 89C843972A120048005AABDF /* BjitExpressTests.xctest */;
			productType = "com.apple.product-type.bundle.unit-test";
		};
		89C843A02A120048005AABDF /* BjitExpressUITests */ = {
			isa = PBXNativeTarget;
			buildConfigurationList = 89C843B12A120048005AABDF /* Build configuration list for PBXNativeTarget "BjitExpressUITests" */;
			buildPhases = (
				C2CD968FDC1A403F3D4D7C8A /* [CP] Check Pods Manifest.lock */,
				89C8439D2A120048005AABDF /* Sources */,
				89C8439E2A120048005AABDF /* Frameworks */,
				89C8439F2A120048005AABDF /* Resources */,
				7BB652FA4F8FAD2427FD28F6 /* [CP] Copy Pods Resources */,
			);
			buildRules = (
			);
			dependencies = (
				89C843A32A120048005AABDF /* PBXTargetDependency */,
			);
			name = BjitExpressUITests;
			productName = BjitExpressUITests;
			productReference = 89C843A12A120048005AABDF /* BjitExpressUITests.xctest */;
			productType = "com.apple.product-type.bundle.ui-testing";
		};
/* End PBXNativeTarget section */

/* Begin PBXProject section */
		89C8437A2A120047005AABDF /* Project object */ = {
			isa = PBXProject;
			attributes = {
				BuildIndependentTargetsInParallel = 1;
				LastSwiftUpdateCheck = 1420;
				LastUpgradeCheck = 1420;
				TargetAttributes = {
					89C843812A120047005AABDF = {
						CreatedOnToolsVersion = 14.2;
					};
					89C843962A120048005AABDF = {
						CreatedOnToolsVersion = 14.2;
						TestTargetID = 89C843812A120047005AABDF;
					};
					89C843A02A120048005AABDF = {
						CreatedOnToolsVersion = 14.2;
						TestTargetID = 89C843812A120047005AABDF;
					};
				};
			};
			buildConfigurationList = 89C8437D2A120047005AABDF /* Build configuration list for PBXProject "BjitExpress" */;
			compatibilityVersion = "Xcode 13.0";
			developmentRegion = en;
			hasScannedForEncodings = 0;
			knownRegions = (
				en,
				Base,
			);
			mainGroup = 89C843792A120047005AABDF;
			productRefGroup = 89C843832A120047005AABDF /* Products */;
			projectDirPath = "";
			projectRoot = "";
			targets = (
				89C843812A120047005AABDF /* BjitExpress */,
				89C843962A120048005AABDF /* BjitExpressTests */,
				89C843A02A120048005AABDF /* BjitExpressUITests */,
			);
		};
/* End PBXProject section */

/* Begin PBXResourcesBuildPhase section */
		89C843802A120047005AABDF /* Resources */ = {
			isa = PBXResourcesBuildPhase;
			buildActionMask = 2147483647;
			files = (
				89C8438D2A120048005AABDF /* Preview Assets.xcassets in Resources */,
				89AE40312A162D2600A6C3F0 /* BusList.json in Resources */,
				89C8438A2A120048005AABDF /* Assets.xcassets in Resources */,
			);
			runOnlyForDeploymentPostprocessing = 0;
		};
		89C843952A120048005AABDF /* Resources */ = {
			isa = PBXResourcesBuildPhase;
			buildActionMask = 2147483647;
			files = (
			);
			runOnlyForDeploymentPostprocessing = 0;
		};
		89C8439F2A120048005AABDF /* Resources */ = {
			isa = PBXResourcesBuildPhase;
			buildActionMask = 2147483647;
			files = (
			);
			runOnlyForDeploymentPostprocessing = 0;
		};
/* End PBXResourcesBuildPhase section */

/* Begin PBXShellScriptBuildPhase section */
		1953C9DC02ACC9C560384AAA /* [CP] Check Pods Manifest.lock */ = {
			isa = PBXShellScriptBuildPhase;
			buildActionMask = 2147483647;
			files = (
			);
			inputFileListPaths = (
			);
			inputPaths = (
				"${PODS_PODFILE_DIR_PATH}/Podfile.lock",
				"${PODS_ROOT}/Manifest.lock",
			);
			name = "[CP] Check Pods Manifest.lock";
			outputFileListPaths = (
			);
			outputPaths = (
				"$(DERIVED_FILE_DIR)/Pods-BjitExpressTests-checkManifestLockResult.txt",
			);
			runOnlyForDeploymentPostprocessing = 0;
			shellPath = /bin/sh;
			shellScript = "diff \"${PODS_PODFILE_DIR_PATH}/Podfile.lock\" \"${PODS_ROOT}/Manifest.lock\" > /dev/null\nif [ $? != 0 ] ; then\n    # print error to STDERR\n    echo \"error: The sandbox is not in sync with the Podfile.lock. Run 'pod install' or update your CocoaPods installation.\" >&2\n    exit 1\nfi\n# This output is used by Xcode 'outputs' to avoid re-running this script phase.\necho \"SUCCESS\" > \"${SCRIPT_OUTPUT_FILE_0}\"\n";
			showEnvVarsInLog = 0;
		};
		7BB652FA4F8FAD2427FD28F6 /* [CP] Copy Pods Resources */ = {
			isa = PBXShellScriptBuildPhase;
			buildActionMask = 2147483647;
			files = (
			);
			inputFileListPaths = (
				"${PODS_ROOT}/Target Support Files/Pods-BjitExpress-BjitExpressUITests/Pods-BjitExpress-BjitExpressUITests-resources-${CONFIGURATION}-input-files.xcfilelist",
			);
			name = "[CP] Copy Pods Resources";
			outputFileListPaths = (
				"${PODS_ROOT}/Target Support Files/Pods-BjitExpress-BjitExpressUITests/Pods-BjitExpress-BjitExpressUITests-resources-${CONFIGURATION}-output-files.xcfilelist",
			);
			runOnlyForDeploymentPostprocessing = 0;
			shellPath = /bin/sh;
			shellScript = "\"${PODS_ROOT}/Target Support Files/Pods-BjitExpress-BjitExpressUITests/Pods-BjitExpress-BjitExpressUITests-resources.sh\"\n";
			showEnvVarsInLog = 0;
		};
		7D1C23A69D7F26AB780AA954 /* [CP] Check Pods Manifest.lock */ = {
			isa = PBXShellScriptBuildPhase;
			buildActionMask = 2147483647;
			files = (
			);
			inputFileListPaths = (
			);
			inputPaths = (
				"${PODS_PODFILE_DIR_PATH}/Podfile.lock",
				"${PODS_ROOT}/Manifest.lock",
			);
			name = "[CP] Check Pods Manifest.lock";
			outputFileListPaths = (
			);
			outputPaths = (
				"$(DERIVED_FILE_DIR)/Pods-BjitExpress-checkManifestLockResult.txt",
			);
			runOnlyForDeploymentPostprocessing = 0;
			shellPath = /bin/sh;
			shellScript = "diff \"${PODS_PODFILE_DIR_PATH}/Podfile.lock\" \"${PODS_ROOT}/Manifest.lock\" > /dev/null\nif [ $? != 0 ] ; then\n    # print error to STDERR\n    echo \"error: The sandbox is not in sync with the Podfile.lock. Run 'pod install' or update your CocoaPods installation.\" >&2\n    exit 1\nfi\n# This output is used by Xcode 'outputs' to avoid re-running this script phase.\necho \"SUCCESS\" > \"${SCRIPT_OUTPUT_FILE_0}\"\n";
			showEnvVarsInLog = 0;
		};
		C2CD968FDC1A403F3D4D7C8A /* [CP] Check Pods Manifest.lock */ = {
			isa = PBXShellScriptBuildPhase;
			buildActionMask = 2147483647;
			files = (
			);
			inputFileListPaths = (
			);
			inputPaths = (
				"${PODS_PODFILE_DIR_PATH}/Podfile.lock",
				"${PODS_ROOT}/Manifest.lock",
			);
			name = "[CP] Check Pods Manifest.lock";
			outputFileListPaths = (
			);
			outputPaths = (
				"$(DERIVED_FILE_DIR)/Pods-BjitExpress-BjitExpressUITests-checkManifestLockResult.txt",
			);
			runOnlyForDeploymentPostprocessing = 0;
			shellPath = /bin/sh;
			shellScript = "diff \"${PODS_PODFILE_DIR_PATH}/Podfile.lock\" \"${PODS_ROOT}/Manifest.lock\" > /dev/null\nif [ $? != 0 ] ; then\n    # print error to STDERR\n    echo \"error: The sandbox is not in sync with the Podfile.lock. Run 'pod install' or update your CocoaPods installation.\" >&2\n    exit 1\nfi\n# This output is used by Xcode 'outputs' to avoid re-running this script phase.\necho \"SUCCESS\" > \"${SCRIPT_OUTPUT_FILE_0}\"\n";
			showEnvVarsInLog = 0;
		};
		C3D0CF11D6AA62832AC636AC /* [CP] Copy Pods Resources */ = {
			isa = PBXShellScriptBuildPhase;
			buildActionMask = 2147483647;
			files = (
			);
			inputFileListPaths = (
				"${PODS_ROOT}/Target Support Files/Pods-BjitExpress/Pods-BjitExpress-resources-${CONFIGURATION}-input-files.xcfilelist",
			);
			name = "[CP] Copy Pods Resources";
			outputFileListPaths = (
				"${PODS_ROOT}/Target Support Files/Pods-BjitExpress/Pods-BjitExpress-resources-${CONFIGURATION}-output-files.xcfilelist",
			);
			runOnlyForDeploymentPostprocessing = 0;
			shellPath = /bin/sh;
			shellScript = "\"${PODS_ROOT}/Target Support Files/Pods-BjitExpress/Pods-BjitExpress-resources.sh\"\n";
			showEnvVarsInLog = 0;
		};
/* End PBXShellScriptBuildPhase section */

/* Begin PBXSourcesBuildPhase section */
		89C8437E2A120047005AABDF /* Sources */ = {
			isa = PBXSourcesBuildPhase;
			buildActionMask = 2147483647;
			files = (
				89B23FAD2A14886200AD7BB0 /* Constant.swift in Sources */,
				185CE5D92A173C5A004CFDF0 /* BusReservationViewModel.swift in Sources */,
				8989C2B92A1B13610018C799 /* EngineerListView.swift in Sources */,
				8989C2C02A1B1A610018C799 /* Employee.swift in Sources */,
				89AE40382A163A2E00A6C3F0 /* MainView.swift in Sources */,
				8989C2BF2A1B1A610018C799 /* CDEmployee+CoreDataClass.swift in Sources */,
				89AE402A2A16167B00A6C3F0 /* BusListView.swift in Sources */,
				89AE40232A15FD5F00A6C3F0 /* BusViewModel.swift in Sources */,
				185CE5D72A1730C9004CFDF0 /* NetworkManager.swift in Sources */,
				89B23FAA2A1487F800AD7BB0 /* CoreDataViewModel.swift in Sources */,
				185CE5D32A171E7A004CFDF0 /* StartTrackingBtnView.swift in Sources */,
				8989C2BB2A1B1A540018C799 /* LoginScreen.swift in Sources */,
				89AE402B2A16167B00A6C3F0 /* HomeView.swift in Sources */,
				89C843882A120047005AABDF /* ContentView.swift in Sources */,
				89BBE1992A15CD800081B7DC /* BusAllocationModel.swift in Sources */,
				8989C2B72A1B132C0018C799 /* Utils.swift in Sources */,
				89C843862A120047005AABDF /* BjitExpressApp.swift in Sources */,
				89AE402C2A16167B00A6C3F0 /* BusView.swift in Sources */,
				89AE40332A162F1A00A6C3F0 /* BusModel.swift in Sources */,
				185CE5D12A171E24004CFDF0 /* LocationViewModel.swift in Sources */,
				8989C2C32A1B1A6E0018C799 /* LoginViewModel.swift in Sources */,
				89C843922A120048005AABDF /* BjitExpress.xcdatamodeld in Sources */,
				8989C2C12A1B1A610018C799 /* CDEmployee+CoreDataProperties.swift in Sources */,
				89B23FA92A1487F800AD7BB0 /* CloudKitViewModel.swift in Sources */,
			);
			runOnlyForDeploymentPostprocessing = 0;
		};
		89C843932A120048005AABDF /* Sources */ = {
			isa = PBXSourcesBuildPhase;
			buildActionMask = 2147483647;
			files = (
				89C8439C2A120048005AABDF /* BjitExpressTests.swift in Sources */,
			);
			runOnlyForDeploymentPostprocessing = 0;
		};
		89C8439D2A120048005AABDF /* Sources */ = {
			isa = PBXSourcesBuildPhase;
			buildActionMask = 2147483647;
			files = (
				89C843A82A120048005AABDF /* BjitExpressUITestsLaunchTests.swift in Sources */,
				89C843A62A120048005AABDF /* BjitExpressUITests.swift in Sources */,
			);
			runOnlyForDeploymentPostprocessing = 0;
		};
/* End PBXSourcesBuildPhase section */

/* Begin PBXTargetDependency section */
		89C843992A120048005AABDF /* PBXTargetDependency */ = {
			isa = PBXTargetDependency;
			target = 89C843812A120047005AABDF /* BjitExpress */;
			targetProxy = 89C843982A120048005AABDF /* PBXContainerItemProxy */;
		};
		89C843A32A120048005AABDF /* PBXTargetDependency */ = {
			isa = PBXTargetDependency;
			target = 89C843812A120047005AABDF /* BjitExpress */;
			targetProxy = 89C843A22A120048005AABDF /* PBXContainerItemProxy */;
		};
/* End PBXTargetDependency section */

/* Begin XCBuildConfiguration section */
		89C843A92A120048005AABDF /* Debug */ = {
			isa = XCBuildConfiguration;
			buildSettings = {
				ALWAYS_SEARCH_USER_PATHS = NO;
				CLANG_ANALYZER_NONNULL = YES;
				CLANG_ANALYZER_NUMBER_OBJECT_CONVERSION = YES_AGGRESSIVE;
				CLANG_CXX_LANGUAGE_STANDARD = "gnu++20";
				CLANG_ENABLE_MODULES = YES;
				CLANG_ENABLE_OBJC_ARC = YES;
				CLANG_ENABLE_OBJC_WEAK = YES;
				CLANG_WARN_BLOCK_CAPTURE_AUTORELEASING = YES;
				CLANG_WARN_BOOL_CONVERSION = YES;
				CLANG_WARN_COMMA = YES;
				CLANG_WARN_CONSTANT_CONVERSION = YES;
				CLANG_WARN_DEPRECATED_OBJC_IMPLEMENTATIONS = YES;
				CLANG_WARN_DIRECT_OBJC_ISA_USAGE = YES_ERROR;
				CLANG_WARN_DOCUMENTATION_COMMENTS = YES;
				CLANG_WARN_EMPTY_BODY = YES;
				CLANG_WARN_ENUM_CONVERSION = YES;
				CLANG_WARN_INFINITE_RECURSION = YES;
				CLANG_WARN_INT_CONVERSION = YES;
				CLANG_WARN_NON_LITERAL_NULL_CONVERSION = YES;
				CLANG_WARN_OBJC_IMPLICIT_RETAIN_SELF = YES;
				CLANG_WARN_OBJC_LITERAL_CONVERSION = YES;
				CLANG_WARN_OBJC_ROOT_CLASS = YES_ERROR;
				CLANG_WARN_QUOTED_INCLUDE_IN_FRAMEWORK_HEADER = YES;
				CLANG_WARN_RANGE_LOOP_ANALYSIS = YES;
				CLANG_WARN_STRICT_PROTOTYPES = YES;
				CLANG_WARN_SUSPICIOUS_MOVE = YES;
				CLANG_WARN_UNGUARDED_AVAILABILITY = YES_AGGRESSIVE;
				CLANG_WARN_UNREACHABLE_CODE = YES;
				CLANG_WARN__DUPLICATE_METHOD_MATCH = YES;
				COPY_PHASE_STRIP = NO;
				DEBUG_INFORMATION_FORMAT = dwarf;
				ENABLE_STRICT_OBJC_MSGSEND = YES;
				ENABLE_TESTABILITY = YES;
				GCC_C_LANGUAGE_STANDARD = gnu11;
				GCC_DYNAMIC_NO_PIC = NO;
				GCC_NO_COMMON_BLOCKS = YES;
				GCC_OPTIMIZATION_LEVEL = 0;
				GCC_PREPROCESSOR_DEFINITIONS = (
					"DEBUG=1",
					"$(inherited)",
				);
				GCC_WARN_64_TO_32_BIT_CONVERSION = YES;
				GCC_WARN_ABOUT_RETURN_TYPE = YES_ERROR;
				GCC_WARN_UNDECLARED_SELECTOR = YES;
				GCC_WARN_UNINITIALIZED_AUTOS = YES_AGGRESSIVE;
				GCC_WARN_UNUSED_FUNCTION = YES;
				GCC_WARN_UNUSED_VARIABLE = YES;
				IPHONEOS_DEPLOYMENT_TARGET = 16.2;
				MTL_ENABLE_DEBUG_INFO = INCLUDE_SOURCE;
				MTL_FAST_MATH = YES;
				ONLY_ACTIVE_ARCH = YES;
				SDKROOT = iphoneos;
				SWIFT_ACTIVE_COMPILATION_CONDITIONS = DEBUG;
				SWIFT_OPTIMIZATION_LEVEL = "-Onone";
			};
			name = Debug;
		};
		89C843AA2A120048005AABDF /* Release */ = {
			isa = XCBuildConfiguration;
			buildSettings = {
				ALWAYS_SEARCH_USER_PATHS = NO;
				CLANG_ANALYZER_NONNULL = YES;
				CLANG_ANALYZER_NUMBER_OBJECT_CONVERSION = YES_AGGRESSIVE;
				CLANG_CXX_LANGUAGE_STANDARD = "gnu++20";
				CLANG_ENABLE_MODULES = YES;
				CLANG_ENABLE_OBJC_ARC = YES;
				CLANG_ENABLE_OBJC_WEAK = YES;
				CLANG_WARN_BLOCK_CAPTURE_AUTORELEASING = YES;
				CLANG_WARN_BOOL_CONVERSION = YES;
				CLANG_WARN_COMMA = YES;
				CLANG_WARN_CONSTANT_CONVERSION = YES;
				CLANG_WARN_DEPRECATED_OBJC_IMPLEMENTATIONS = YES;
				CLANG_WARN_DIRECT_OBJC_ISA_USAGE = YES_ERROR;
				CLANG_WARN_DOCUMENTATION_COMMENTS = YES;
				CLANG_WARN_EMPTY_BODY = YES;
				CLANG_WARN_ENUM_CONVERSION = YES;
				CLANG_WARN_INFINITE_RECURSION = YES;
				CLANG_WARN_INT_CONVERSION = YES;
				CLANG_WARN_NON_LITERAL_NULL_CONVERSION = YES;
				CLANG_WARN_OBJC_IMPLICIT_RETAIN_SELF = YES;
				CLANG_WARN_OBJC_LITERAL_CONVERSION = YES;
				CLANG_WARN_OBJC_ROOT_CLASS = YES_ERROR;
				CLANG_WARN_QUOTED_INCLUDE_IN_FRAMEWORK_HEADER = YES;
				CLANG_WARN_RANGE_LOOP_ANALYSIS = YES;
				CLANG_WARN_STRICT_PROTOTYPES = YES;
				CLANG_WARN_SUSPICIOUS_MOVE = YES;
				CLANG_WARN_UNGUARDED_AVAILABILITY = YES_AGGRESSIVE;
				CLANG_WARN_UNREACHABLE_CODE = YES;
				CLANG_WARN__DUPLICATE_METHOD_MATCH = YES;
				COPY_PHASE_STRIP = NO;
				DEBUG_INFORMATION_FORMAT = "dwarf-with-dsym";
				ENABLE_NS_ASSERTIONS = NO;
				ENABLE_STRICT_OBJC_MSGSEND = YES;
				GCC_C_LANGUAGE_STANDARD = gnu11;
				GCC_NO_COMMON_BLOCKS = YES;
				GCC_WARN_64_TO_32_BIT_CONVERSION = YES;
				GCC_WARN_ABOUT_RETURN_TYPE = YES_ERROR;
				GCC_WARN_UNDECLARED_SELECTOR = YES;
				GCC_WARN_UNINITIALIZED_AUTOS = YES_AGGRESSIVE;
				GCC_WARN_UNUSED_FUNCTION = YES;
				GCC_WARN_UNUSED_VARIABLE = YES;
				IPHONEOS_DEPLOYMENT_TARGET = 16.2;
				MTL_ENABLE_DEBUG_INFO = NO;
				MTL_FAST_MATH = YES;
				SDKROOT = iphoneos;
				SWIFT_COMPILATION_MODE = wholemodule;
				SWIFT_OPTIMIZATION_LEVEL = "-O";
				VALIDATE_PRODUCT = YES;
			};
			name = Release;
		};
		89C843AC2A120048005AABDF /* Debug */ = {
			isa = XCBuildConfiguration;
			baseConfigurationReference = 5D800DD90E6F511D5911D6A2 /* Pods-BjitExpress.debug.xcconfig */;
			buildSettings = {
				ASSETCATALOG_COMPILER_APPICON_NAME = AppIcon;
				ASSETCATALOG_COMPILER_GLOBAL_ACCENT_COLOR_NAME = AccentColor;
				CODE_SIGN_ENTITLEMENTS = BjitExpress/BjitExpress.entitlements;
				CODE_SIGN_IDENTITY = "Apple Development";
				CODE_SIGN_STYLE = Automatic;
				CURRENT_PROJECT_VERSION = 1;
				DEVELOPMENT_ASSET_PATHS = "\"BjitExpress/Preview Content\"";
				DEVELOPMENT_TEAM = 2BL4KQW6R5;
				ENABLE_PREVIEWS = YES;
				GENERATE_INFOPLIST_FILE = YES;
				INFOPLIST_FILE = BjitExpress/Info.plist;
				INFOPLIST_KEY_CFBundleDisplayName = BjitExpress;
				INFOPLIST_KEY_LSApplicationCategoryType = "public.app-category.travel";
				INFOPLIST_KEY_NSLocationWhenInUseUsageDescription = "To identify your exact localiton please allow the permission.";
				INFOPLIST_KEY_UIApplicationSceneManifest_Generation = YES;
				INFOPLIST_KEY_UIApplicationSupportsIndirectInputEvents = YES;
				INFOPLIST_KEY_UILaunchScreen_Generation = YES;
				INFOPLIST_KEY_UISupportedInterfaceOrientations = UIInterfaceOrientationPortrait;
				INFOPLIST_KEY_UISupportedInterfaceOrientations_iPad = "UIInterfaceOrientationLandscapeLeft UIInterfaceOrientationLandscapeRight UIInterfaceOrientationPortrait UIInterfaceOrientationPortraitUpsideDown";
				IPHONEOS_DEPLOYMENT_TARGET = 15.0;
				LD_RUNPATH_SEARCH_PATHS = (
					"$(inherited)",
					"@executable_path/Frameworks",
				);
				MARKETING_VERSION = 1.0;
				PRODUCT_BUNDLE_IDENTIFIER = com.bjitgroup.upskill;
				PRODUCT_NAME = "$(TARGET_NAME)";
				PROVISIONING_PROFILE_SPECIFIER = "";
				SWIFT_EMIT_LOC_STRINGS = YES;
				SWIFT_VERSION = 5.0;
				TARGETED_DEVICE_FAMILY = "1,2";
			};
			name = Debug;
		};
		89C843AD2A120048005AABDF /* Release */ = {
			isa = XCBuildConfiguration;
			baseConfigurationReference = A23F4F67442A935E6E6059B1 /* Pods-BjitExpress.release.xcconfig */;
			buildSettings = {
				ASSETCATALOG_COMPILER_APPICON_NAME = AppIcon;
				ASSETCATALOG_COMPILER_GLOBAL_ACCENT_COLOR_NAME = AccentColor;
				CODE_SIGN_ENTITLEMENTS = BjitExpress/BjitExpress.entitlements;
				CODE_SIGN_IDENTITY = "Apple Development";
				CODE_SIGN_STYLE = Automatic;
				CURRENT_PROJECT_VERSION = 1;
				DEVELOPMENT_ASSET_PATHS = "\"BjitExpress/Preview Content\"";
				DEVELOPMENT_TEAM = 2BL4KQW6R5;
				ENABLE_PREVIEWS = YES;
				GENERATE_INFOPLIST_FILE = YES;
				INFOPLIST_FILE = BjitExpress/Info.plist;
				INFOPLIST_KEY_CFBundleDisplayName = BjitExpress;
				INFOPLIST_KEY_LSApplicationCategoryType = "public.app-category.travel";
				INFOPLIST_KEY_NSLocationWhenInUseUsageDescription = "To identify your exact localiton please allow the permission.";
				INFOPLIST_KEY_UIApplicationSceneManifest_Generation = YES;
				INFOPLIST_KEY_UIApplicationSupportsIndirectInputEvents = YES;
				INFOPLIST_KEY_UILaunchScreen_Generation = YES;
				INFOPLIST_KEY_UISupportedInterfaceOrientations = UIInterfaceOrientationPortrait;
				INFOPLIST_KEY_UISupportedInterfaceOrientations_iPad = "UIInterfaceOrientationLandscapeLeft UIInterfaceOrientationLandscapeRight UIInterfaceOrientationPortrait UIInterfaceOrientationPortraitUpsideDown";
				IPHONEOS_DEPLOYMENT_TARGET = 15.0;
				LD_RUNPATH_SEARCH_PATHS = (
					"$(inherited)",
					"@executable_path/Frameworks",
				);
				MARKETING_VERSION = 1.0;
				PRODUCT_BUNDLE_IDENTIFIER = com.bjitgroup.upskill;
				PRODUCT_NAME = "$(TARGET_NAME)";
				PROVISIONING_PROFILE_SPECIFIER = "";
				SWIFT_EMIT_LOC_STRINGS = YES;
				SWIFT_VERSION = 5.0;
				TARGETED_DEVICE_FAMILY = "1,2";
			};
			name = Release;
		};
		89C843AF2A120048005AABDF /* Debug */ = {
			isa = XCBuildConfiguration;
			baseConfigurationReference = 7FDD3885973E186867F6D43E /* Pods-BjitExpressTests.debug.xcconfig */;
			buildSettings = {
				ALWAYS_EMBED_SWIFT_STANDARD_LIBRARIES = YES;
				BUNDLE_LOADER = "$(TEST_HOST)";
				CODE_SIGN_STYLE = Automatic;
				CURRENT_PROJECT_VERSION = 1;
				DEVELOPMENT_TEAM = 2BL4KQW6R5;
				GENERATE_INFOPLIST_FILE = YES;
				IPHONEOS_DEPLOYMENT_TARGET = 16.2;
				MARKETING_VERSION = 1.0;
				PRODUCT_BUNDLE_IDENTIFIER = com.BjitExpressTests;
				PRODUCT_NAME = "$(TARGET_NAME)";
				SWIFT_EMIT_LOC_STRINGS = NO;
				SWIFT_VERSION = 5.0;
				TARGETED_DEVICE_FAMILY = "1,2";
				TEST_HOST = "$(BUILT_PRODUCTS_DIR)/BjitExpress.app/$(BUNDLE_EXECUTABLE_FOLDER_PATH)/BjitExpress";
			};
			name = Debug;
		};
		89C843B02A120048005AABDF /* Release */ = {
			isa = XCBuildConfiguration;
			baseConfigurationReference = CD5CA41D9AB32B19230B0A13 /* Pods-BjitExpressTests.release.xcconfig */;
			buildSettings = {
				ALWAYS_EMBED_SWIFT_STANDARD_LIBRARIES = YES;
				BUNDLE_LOADER = "$(TEST_HOST)";
				CODE_SIGN_STYLE = Automatic;
				CURRENT_PROJECT_VERSION = 1;
				DEVELOPMENT_TEAM = 2BL4KQW6R5;
				GENERATE_INFOPLIST_FILE = YES;
				IPHONEOS_DEPLOYMENT_TARGET = 16.2;
				MARKETING_VERSION = 1.0;
				PRODUCT_BUNDLE_IDENTIFIER = com.BjitExpressTests;
				PRODUCT_NAME = "$(TARGET_NAME)";
				SWIFT_EMIT_LOC_STRINGS = NO;
				SWIFT_VERSION = 5.0;
				TARGETED_DEVICE_FAMILY = "1,2";
				TEST_HOST = "$(BUILT_PRODUCTS_DIR)/BjitExpress.app/$(BUNDLE_EXECUTABLE_FOLDER_PATH)/BjitExpress";
			};
			name = Release;
		};
		89C843B22A120048005AABDF /* Debug */ = {
			isa = XCBuildConfiguration;
			baseConfigurationReference = 6FC20910D90338491BF551CF /* Pods-BjitExpress-BjitExpressUITests.debug.xcconfig */;
			buildSettings = {
				ALWAYS_EMBED_SWIFT_STANDARD_LIBRARIES = YES;
				CODE_SIGN_STYLE = Automatic;
				CURRENT_PROJECT_VERSION = 1;
				DEVELOPMENT_TEAM = 2BL4KQW6R5;
				GENERATE_INFOPLIST_FILE = YES;
				MARKETING_VERSION = 1.0;
				PRODUCT_BUNDLE_IDENTIFIER = com.BjitExpressUITests;
				PRODUCT_NAME = "$(TARGET_NAME)";
				SWIFT_EMIT_LOC_STRINGS = NO;
				SWIFT_VERSION = 5.0;
				TARGETED_DEVICE_FAMILY = "1,2";
				TEST_TARGET_NAME = BjitExpress;
			};
			name = Debug;
		};
		89C843B32A120048005AABDF /* Release */ = {
			isa = XCBuildConfiguration;
			baseConfigurationReference = 9B4812928AD2F1C6F7964CAB /* Pods-BjitExpress-BjitExpressUITests.release.xcconfig */;
			buildSettings = {
				ALWAYS_EMBED_SWIFT_STANDARD_LIBRARIES = YES;
				CODE_SIGN_STYLE = Automatic;
				CURRENT_PROJECT_VERSION = 1;
				DEVELOPMENT_TEAM = 2BL4KQW6R5;
				GENERATE_INFOPLIST_FILE = YES;
				MARKETING_VERSION = 1.0;
				PRODUCT_BUNDLE_IDENTIFIER = com.BjitExpressUITests;
				PRODUCT_NAME = "$(TARGET_NAME)";
				SWIFT_EMIT_LOC_STRINGS = NO;
				SWIFT_VERSION = 5.0;
				TARGETED_DEVICE_FAMILY = "1,2";
				TEST_TARGET_NAME = BjitExpress;
			};
			name = Release;
		};
/* End XCBuildConfiguration section */

/* Begin XCConfigurationList section */
		89C8437D2A120047005AABDF /* Build configuration list for PBXProject "BjitExpress" */ = {
			isa = XCConfigurationList;
			buildConfigurations = (
				89C843A92A120048005AABDF /* Debug */,
				89C843AA2A120048005AABDF /* Release */,
			);
			defaultConfigurationIsVisible = 0;
			defaultConfigurationName = Release;
		};
		89C843AB2A120048005AABDF /* Build configuration list for PBXNativeTarget "BjitExpress" */ = {
			isa = XCConfigurationList;
			buildConfigurations = (
				89C843AC2A120048005AABDF /* Debug */,
				89C843AD2A120048005AABDF /* Release */,
			);
			defaultConfigurationIsVisible = 0;
			defaultConfigurationName = Release;
		};
		89C843AE2A120048005AABDF /* Build configuration list for PBXNativeTarget "BjitExpressTests" */ = {
			isa = XCConfigurationList;
			buildConfigurations = (
				89C843AF2A120048005AABDF /* Debug */,
				89C843B02A120048005AABDF /* Release */,
			);
			defaultConfigurationIsVisible = 0;
			defaultConfigurationName = Release;
		};
		89C843B12A120048005AABDF /* Build configuration list for PBXNativeTarget "BjitExpressUITests" */ = {
			isa = XCConfigurationList;
			buildConfigurations = (
				89C843B22A120048005AABDF /* Debug */,
				89C843B32A120048005AABDF /* Release */,
			);
			defaultConfigurationIsVisible = 0;
			defaultConfigurationName = Release;
		};
/* End XCConfigurationList section */

/* Begin XCVersionGroup section */
		89C843902A120048005AABDF /* BjitExpress.xcdatamodeld */ = {
			isa = XCVersionGroup;
			children = (
				89C843912A120048005AABDF /* BjitExpress.xcdatamodel */,
			);
			currentVersion = 89C843912A120048005AABDF /* BjitExpress.xcdatamodel */;
			path = BjitExpress.xcdatamodeld;
			sourceTree = "<group>";
			versionGroupType = wrapper.xcdatamodel;
		};
/* End XCVersionGroup section */
	};
	rootObject = 89C8437A2A120047005AABDF /* Project object */;
}
